
Microsoft Visual Studio Solution File, Format Version 12.00
# Visual Studio Version 17
VisualStudioVersion = 17.1.32228.430
MinimumVisualStudioVersion = 10.0.40219.1
Project("{FAE04EC0-301F-11D3-BF4B-00C04F79EFBC}") = "FastRankTool", "FastRankTool\FastRankTool.csproj", "{F85C18A6-3018-4C3E-B6E3-884C8E6577BA}"
EndProject
Global
	GlobalSection(SolutionConfigurationPlatforms) = preSolution
		Debug|Any CPU = Debug|Any CPU
		Release|Any CPU = Release|Any CPU
	EndGlobalSection
	GlobalSection(ProjectConfigurationPlatforms) = postSolution
		{F85C18A6-3018-4C3E-B6E3-884C8E6577BA}.Debug|Any CPU.ActiveCfg = Debug|Any CPU
		{F85C18A6-3018-4C3E-B6E3-884C8E6577BA}.Debug|Any CPU.Build.0 = Debug|Any CPU
		{F85C18A6-3018-4C3E-B6E3-884C8E6577BA}.Release|Any CPU.ActiveCfg = Release|Any CPU
		{F85C18A6-3018-4C3E-B6E3-884C8E6577BA}.Release|Any CPU.Build.0 = Release|Any CPU
	EndGlobalSection
	GlobalSection(SolutionProperties) = preSolution
		HideSolutionNode = FALSE
	EndGlobalSection
	GlobalSection(ExtensibilityGlobals) = postSolution
		SolutionGuid = {A5F0D6BE-585C-401A-B127-924C255A9E70}
	EndGlobalSection
EndGlobal
